
Microsoft Visual Studio Solution File, Format Version 12.00
# Visual Studio Version 16
VisualStudioVersion = 16.0.32228.343
MinimumVisualStudioVersion = 10.0.40219.1
Project("{FAE04EC0-301F-11D3-BF4B-00C04F79EFBC}") = "MementoPattern", "MementoPattern\MementoPattern.csproj", "{579AA7CB-AA9B-4C1C-AED0-95681AF0C573}"
EndProject
Project("{FAE04EC0-301F-11D3-BF4B-00C04F79EFBC}") = "MementoPatternGame", "MementoPatternGame\MementoPatternGame.csproj", "{2EEF17CC-5694-4099-9D36-13D4BB365F08}"
EndProject
Global
	GlobalSection(SolutionConfigurationPlatforms) = preSolution
		Debug|Any CPU = Debug|Any CPU
		Release|Any CPU = Release|Any CPU
	EndGlobalSection
	GlobalSection(ProjectConfigurationPlatforms) = postSolution
		{579AA7CB-AA9B-4C1C-AED0-95681AF0C573}.Debug|Any CPU.ActiveCfg = Debug|Any CPU
		{579AA7CB-AA9B-4C1C-AED0-95681AF0C573}.Debug|Any CPU.Build.0 = Debug|Any CPU
		{579AA7CB-AA9B-4C1C-AED0-95681AF0C573}.Release|Any CPU.ActiveCfg = Release|Any CPU
		{579AA7CB-AA9B-4C1C-AED0-95681AF0C573}.Release|Any CPU.Build.0 = Release|Any CPU
		{2EEF17CC-5694-4099-9D36-13D4BB365F08}.Debug|Any CPU.ActiveCfg = Debug|Any CPU
		{2EEF17CC-5694-4099-9D36-13D4BB365F08}.Debug|Any CPU.Build.0 = Debug|Any CPU
		{2EEF17CC-5694-4099-9D36-13D4BB365F08}.Release|Any CPU.ActiveCfg = Release|Any CPU
		{2EEF17CC-5694-4099-9D36-13D4BB365F08}.Release|Any CPU.Build.0 = Release|Any CPU
	EndGlobalSection
	GlobalSection(SolutionProperties) = preSolution
		HideSolutionNode = FALSE
	EndGlobalSection
	GlobalSection(ExtensibilityGlobals) = postSolution
		SolutionGuid = {7E86D5CE-CD62-4DA7-B336-5E6B7021A344}
	EndGlobalSection
EndGlobal
